
Microsoft Visual Studio Solution File, Format Version 12.00
# Visual Studio Version 16
VisualStudioVersion = 16.0.31112.23
MinimumVisualStudioVersion = 10.0.40219.1
Project("{2150E333-8FDC-42A3-9474-1A3956D46DE8}") = "General", "General", "{E53B684C-538B-4F4C-84E5-FEE023B48FFC}"
EndProject
Project("{FAE04EC0-301F-11D3-BF4B-00C04F79EFBC}") = "Main", "General\Main\Main.csproj", "{7C7A81C1-E329-4246-9C76-6BF69D861BC7}"
EndProject
Project("{2150E333-8FDC-42A3-9474-1A3956D46DE8}") = "LINQ", "LINQ", "{1F0CED32-DD4C-439C-A64F-74F581CD7D49}"
EndProject
Project("{FAE04EC0-301F-11D3-BF4B-00C04F79EFBC}") = "Main", "LINQ\Main\Main.csproj", "{6A218CFA-21E1-4930-B650-7D3BA4AC71BC}"
EndProject
Project("{2150E333-8FDC-42A3-9474-1A3956D46DE8}") = "JSON", "JSON", "{DB70EDD7-C2DA-4E8A-B076-94AE3CC46F9C}"
EndProject
Project("{FAE04EC0-301F-11D3-BF4B-00C04F79EFBC}") = "JsonOperations", "JSON\JsonOperations\JsonOperations.csproj", "{158C145B-08C2-425B-A4DD-3837727FC16C}"
EndProject
Project("{FAE04EC0-301F-11D3-BF4B-00C04F79EFBC}") = "PrivateInsideSame", "General\PrivateInsideSame\PrivateInsideSame.csproj", "{745D7227-B311-4823-A49E-0F8CA8088C9F}"
EndProject
Project("{FAE04EC0-301F-11D3-BF4B-00C04F79EFBC}") = "MathDelegate", "General\MathDelegate\MathDelegate.csproj", "{C02466FC-A717-4E8A-B720-FD6233AFD932}"
EndProject
Global
	GlobalSection(SolutionConfigurationPlatforms) = preSolution
		Debug|Any CPU = Debug|Any CPU
		Release|Any CPU = Release|Any CPU
	EndGlobalSection
	GlobalSection(ProjectConfigurationPlatforms) = postSolution
		{7C7A81C1-E329-4246-9C76-6BF69D861BC7}.Debug|Any CPU.ActiveCfg = Debug|Any CPU
		{7C7A81C1-E329-4246-9C76-6BF69D861BC7}.Debug|Any CPU.Build.0 = Debug|Any CPU
		{7C7A81C1-E329-4246-9C76-6BF69D861BC7}.Release|Any CPU.ActiveCfg = Release|Any CPU
		{7C7A81C1-E329-4246-9C76-6BF69D861BC7}.Release|Any CPU.Build.0 = Release|Any CPU
		{6A218CFA-21E1-4930-B650-7D3BA4AC71BC}.Debug|Any CPU.ActiveCfg = Debug|Any CPU
		{6A218CFA-21E1-4930-B650-7D3BA4AC71BC}.Debug|Any CPU.Build.0 = Debug|Any CPU
		{6A218CFA-21E1-4930-B650-7D3BA4AC71BC}.Release|Any CPU.ActiveCfg = Release|Any CPU
		{6A218CFA-21E1-4930-B650-7D3BA4AC71BC}.Release|Any CPU.Build.0 = Release|Any CPU
		{158C145B-08C2-425B-A4DD-3837727FC16C}.Debug|Any CPU.ActiveCfg = Debug|Any CPU
		{158C145B-08C2-425B-A4DD-3837727FC16C}.Debug|Any CPU.Build.0 = Debug|Any CPU
		{158C145B-08C2-425B-A4DD-3837727FC16C}.Release|Any CPU.ActiveCfg = Release|Any CPU
		{158C145B-08C2-425B-A4DD-3837727FC16C}.Release|Any CPU.Build.0 = Release|Any CPU
		{745D7227-B311-4823-A49E-0F8CA8088C9F}.Debug|Any CPU.ActiveCfg = Debug|Any CPU
		{745D7227-B311-4823-A49E-0F8CA8088C9F}.Debug|Any CPU.Build.0 = Debug|Any CPU
		{745D7227-B311-4823-A49E-0F8CA8088C9F}.Release|Any CPU.ActiveCfg = Release|Any CPU
		{745D7227-B311-4823-A49E-0F8CA8088C9F}.Release|Any CPU.Build.0 = Release|Any CPU
		{C02466FC-A717-4E8A-B720-FD6233AFD932}.Debug|Any CPU.ActiveCfg = Debug|Any CPU
		{C02466FC-A717-4E8A-B720-FD6233AFD932}.Debug|Any CPU.Build.0 = Debug|Any CPU
		{C02466FC-A717-4E8A-B720-FD6233AFD932}.Release|Any CPU.ActiveCfg = Release|Any CPU
		{C02466FC-A717-4E8A-B720-FD6233AFD932}.Release|Any CPU.Build.0 = Release|Any CPU
	EndGlobalSection
	GlobalSection(SolutionProperties) = preSolution
		HideSolutionNode = FALSE
	EndGlobalSection
	GlobalSection(NestedProjects) = preSolution
		{7C7A81C1-E329-4246-9C76-6BF69D861BC7} = {E53B684C-538B-4F4C-84E5-FEE023B48FFC}
		{6A218CFA-21E1-4930-B650-7D3BA4AC71BC} = {1F0CED32-DD4C-439C-A64F-74F581CD7D49}
		{158C145B-08C2-425B-A4DD-3837727FC16C} = {DB70EDD7-C2DA-4E8A-B076-94AE3CC46F9C}
		{745D7227-B311-4823-A49E-0F8CA8088C9F} = {E53B684C-538B-4F4C-84E5-FEE023B48FFC}
		{C02466FC-A717-4E8A-B720-FD6233AFD932} = {E53B684C-538B-4F4C-84E5-FEE023B48FFC}
	EndGlobalSection
	GlobalSection(ExtensibilityGlobals) = postSolution
		SolutionGuid = {2AF32E7D-E438-4148-BD04-3E17FDA0A430}
	EndGlobalSection
EndGlobal
